// !$*UTF8*$!
{
	archiveVersion = 1;
	classes = {
	};
	objectVersion = 50;
	objects = {

/* Begin PBXBuildFile section */
		BF91C047242B3C2400A2D269 /* AppDelegate.swift in Sources */ = {isa = PBXBuildFile; fileRef = BF91C046242B3C2400A2D269 /* AppDelegate.swift */; };
		BF91C049242B3C2400A2D269 /* SceneDelegate.swift in Sources */ = {isa = PBXBuildFile; fileRef = BF91C048242B3C2400A2D269 /* SceneDelegate.swift */; };
		BF91C04B242B3C2400A2D269 /* ContentView.swift in Sources */ = {isa = PBXBuildFile; fileRef = BF91C04A242B3C2400A2D269 /* ContentView.swift */; };
		BF91C04D242B3C2900A2D269 /* Assets.xcassets in Resources */ = {isa = PBXBuildFile; fileRef = BF91C04C242B3C2900A2D269 /* Assets.xcassets */; };
		BF91C050242B3C2900A2D269 /* Preview Assets.xcassets in Resources */ = {isa = PBXBuildFile; fileRef = BF91C04F242B3C2900A2D269 /* Preview Assets.xcassets */; };
		BF91C053242B3C2900A2D269 /* LaunchScreen.storyboard in Resources */ = {isa = PBXBuildFile; fileRef = BF91C051242B3C2900A2D269 /* LaunchScreen.storyboard */; };
		BF91C05E242B3C2900A2D269 /* NetworkLayerTests.swift in Sources */ = {isa = PBXBuildFile; fileRef = BF91C05D242B3C2900A2D269 /* NetworkLayerTests.swift */; };
/* End PBXBuildFile section */

/* Begin PBXContainerItemProxy section */
		BF91C05A242B3C2900A2D269 /* PBXContainerItemProxy */ = {
			isa = PBXContainerItemProxy;
			containerPortal = BF91C03B242B3C2400A2D269 /* Project object */;
			proxyType = 1;
			remoteGlobalIDString = BF91C042242B3C2400A2D269;
			remoteInfo = NetworkLayer;
		};
/* End PBXContainerItemProxy section */

/* Begin PBXFileReference section */
		BF91C043242B3C2400A2D269 /* NetworkLayer.app */ = {isa = PBXFileReference; explicitFileType = wrapper.application; includeInIndex = 0; path = NetworkLayer.app; sourceTree = BUILT_PRODUCTS_DIR; };
		BF91C046242B3C2400A2D269 /* AppDelegate.swift */ = {isa = PBXFileReference; lastKnownFileType = sourcecode.swift; path = AppDelegate.swift; sourceTree = "<group>"; };
		BF91C048242B3C2400A2D269 /* SceneDelegate.swift */ = {isa = PBXFileReference; lastKnownFileType = sourcecode.swift; path = SceneDelegate.swift; sourceTree = "<group>"; };
		BF91C04A242B3C2400A2D269 /* ContentView.swift */ = {isa = PBXFileReference; lastKnownFileType = sourcecode.swift; path = ContentView.swift; sourceTree = "<group>"; };
		BF91C04C242B3C2900A2D269 /* Assets.xcassets */ = {isa = PBXFileReference; lastKnownFileType = folder.assetcatalog; path = Assets.xcassets; sourceTree = "<group>"; };
		BF91C04F242B3C2900A2D269 /* Preview Assets.xcassets */ = {isa = PBXFileReference; lastKnownFileType = folder.assetcatalog; path = "Preview Assets.xcassets"; sourceTree = "<group>"; };
		BF91C052242B3C2900A2D269 /* Base */ = {isa = PBXFileReference; lastKnownFileType = file.storyboard; name = Base; path = Base.lproj/LaunchScreen.storyboard; sourceTree = "<group>"; };
		BF91C054242B3C2900A2D269 /* Info.plist */ = {isa = PBXFileReference; lastKnownFileType = text.plist.xml; path = Info.plist; sourceTree = "<group>"; };
		BF91C059242B3C2900A2D269 /* NetworkLayerTests.xctest */ = {isa = PBXFileReference; explicitFileType = wrapper.cfbundle; includeInIndex = 0; path = NetworkLayerTests.xctest; sourceTree = BUILT_PRODUCTS_DIR; };
		BF91C05D242B3C2900A2D269 /* NetworkLayerTests.swift */ = {isa = PBXFileReference; lastKnownFileType = sourcecode.swift; path = NetworkLayerTests.swift; sourceTree = "<group>"; };
		BF91C05F242B3C2900A2D269 /* Info.plist */ = {isa = PBXFileReference; lastKnownFileType = text.plist.xml; path = Info.plist; sourceTree = "<group>"; };
/* End PBXFileReference section */

/* Begin PBXFrameworksBuildPhase section */
		BF91C040242B3C2400A2D269 /* Frameworks */ = {
			isa = PBXFrameworksBuildPhase;
			buildActionMask = 2147483647;
			files = (
			);
			runOnlyForDeploymentPostprocessing = 0;
		};
		BF91C056242B3C2900A2D269 /* Frameworks */ = {
			isa = PBXFrameworksBuildPhase;
			buildActionMask = 2147483647;
			files = (
			);
			runOnlyForDeploymentPostprocessing = 0;
		};
/* End PBXFrameworksBuildPhase section */

/* Begin PBXGroup section */
		BF91C03A242B3C2400A2D269 = {
			isa = PBXGroup;
			children = (
				BF91C045242B3C2400A2D269 /* NetworkLayer */,
				BF91C05C242B3C2900A2D269 /* NetworkLayerTests */,
				BF91C044242B3C2400A2D269 /* Products */,
			);
			sourceTree = "<group>";
		};
		BF91C044242B3C2400A2D269 /* Products */ = {
			isa = PBXGroup;
			children = (
				BF91C043242B3C2400A2D269 /* NetworkLayer.app */,
				BF91C059242B3C2900A2D269 /* NetworkLayerTests.xctest */,
			);
			name = Products;
			sourceTree = "<group>";
		};
		BF91C045242B3C2400A2D269 /* NetworkLayer */ = {
			isa = PBXGroup;
			children = (
				BF91C046242B3C2400A2D269 /* AppDelegate.swift */,
				BF91C048242B3C2400A2D269 /* SceneDelegate.swift */,
				BF91C04A242B3C2400A2D269 /* ContentView.swift */,
				BF91C04C242B3C2900A2D269 /* Assets.xcassets */,
				BF91C051242B3C2900A2D269 /* LaunchScreen.storyboard */,
				BF91C054242B3C2900A2D269 /* Info.plist */,
				BF91C04E242B3C2900A2D269 /* Preview Content */,
			);
			path = NetworkLayer;
			sourceTree = "<group>";
		};
		BF91C04E242B3C2900A2D269 /* Preview Content */ = {
			isa = PBXGroup;
			children = (
				BF91C04F242B3C2900A2D269 /* Preview Assets.xcassets */,
			);
			path = "Preview Content";
			sourceTree = "<group>";
		};
		BF91C05C242B3C2900A2D269 /* NetworkLayerTests */ = {
			isa = PBXGroup;
			children = (
				BF91C05D242B3C2900A2D269 /* NetworkLayerTests.swift */,
				BF91C05F242B3C2900A2D269 /* Info.plist */,
			);
			path = NetworkLayerTests;
			sourceTree = "<group>";
		};
/* End PBXGroup section */

/* Begin PBXNativeTarget section */
		BF91C042242B3C2400A2D269 /* NetworkLayer */ = {
			isa = PBXNativeTarget;
			buildConfigurationList = BF91C062242B3C2900A2D269 /* Build configuration list for PBXNativeTarget "NetworkLayer" */;
			buildPhases = (
				BF91C03F242B3C2400A2D269 /* Sources */,
				BF91C040242B3C2400A2D269 /* Frameworks */,
				BF91C041242B3C2400A2D269 /* Resources */,
			);
			buildRules = (
			);
			dependencies = (
			);
			name = NetworkLayer;
			productName = NetworkLayer;
			productReference = BF91C043242B3C2400A2D269 /* NetworkLayer.app */;
			productType = "com.apple.product-type.application";
		};
		BF91C058242B3C2900A2D269 /* NetworkLayerTests */ = {
			isa = PBXNativeTarget;
			buildConfigurationList = BF91C065242B3C2900A2D269 /* Build configuration list for PBXNativeTarget "NetworkLayerTests" */;
			buildPhases = (
				BF91C055242B3C2900A2D269 /* Sources */,
				BF91C056242B3C2900A2D269 /* Frameworks */,
				BF91C057242B3C2900A2D269 /* Resources */,
			);
			buildRules = (
			);
			dependencies = (
				BF91C05B242B3C2900A2D269 /* PBXTargetDependency */,
			);
			name = NetworkLayerTests;
			productName = NetworkLayerTests;
			productReference = BF91C059242B3C2900A2D269 /* NetworkLayerTests.xctest */;
			productType = "com.apple.product-type.bundle.unit-test";
		};
/* End PBXNativeTarget section */

/* Begin PBXProject section */
		BF91C03B242B3C2400A2D269 /* Project object */ = {
			isa = PBXProject;
			attributes = {
				LastSwiftUpdateCheck = 1130;
				LastUpgradeCheck = 1130;
				ORGANIZATIONNAME = "Akshit Zaveri";
				TargetAttributes = {
					BF91C042242B3C2400A2D269 = {
						CreatedOnToolsVersion = 11.3.1;
					};
					BF91C058242B3C2900A2D269 = {
						CreatedOnToolsVersion = 11.3.1;
						TestTargetID = BF91C042242B3C2400A2D269;
					};
				};
			};
			buildConfigurationList = BF91C03E242B3C2400A2D269 /* Build configuration list for PBXProject "NetworkLayer" */;
			compatibilityVersion = "Xcode 9.3";
			developmentRegion = en;
			hasScannedForEncodings = 0;
			knownRegions = (
				en,
				Base,
			);
			mainGroup = BF91C03A242B3C2400A2D269;
			productRefGroup = BF91C044242B3C2400A2D269 /* Products */;
			projectDirPath = "";
			projectRoot = "";
			targets = (
				BF91C042242B3C2400A2D269 /* NetworkLayer */,
				BF91C058242B3C2900A2D269 /* NetworkLayerTests */,
			);
		};
/* End PBXProject section */

/* Begin PBXResourcesBuildPhase section */
		BF91C041242B3C2400A2D269 /* Resources */ = {
			isa = PBXResourcesBuildPhase;
			buildActionMask = 2147483647;
			files = (
				BF91C053242B3C2900A2D269 /* LaunchScreen.storyboard in Resources */,
				BF91C050242B3C2900A2D269 /* Preview Assets.xcassets in Resources */,
				BF91C04D242B3C2900A2D269 /* Assets.xcassets in Resources */,
			);
			runOnlyForDeploymentPostprocessing = 0;
		};
		BF91C057242B3C2900A2D269 /* Resources */ = {
			isa = PBXResourcesBuildPhase;
			buildActionMask = 2147483647;
			files = (
			);
			runOnlyForDeploymentPostprocessing = 0;
		};
/* End PBXResourcesBuildPhase section */

/* Begin PBXSourcesBuildPhase section */
		BF91C03F242B3C2400A2D269 /* Sources */ = {
			isa = PBXSourcesBuildPhase;
			buildActionMask = 2147483647;
			files = (
				BF91C047242B3C2400A2D269 /* AppDelegate.swift in Sources */,
				BF91C049242B3C2400A2D269 /* SceneDelegate.swift in Sources */,
				BF91C04B242B3C2400A2D269 /* ContentView.swift in Sources */,
			);
			runOnlyForDeploymentPostprocessing = 0;
		};
		BF91C055242B3C2900A2D269 /* Sources */ = {
			isa = PBXSourcesBuildPhase;
			buildActionMask = 2147483647;
			files = (
				BF91C05E242B3C2900A2D269 /* NetworkLayerTests.swift in Sources */,
			);
			runOnlyForDeploymentPostprocessing = 0;
		};
/* End PBXSourcesBuildPhase section */

/* Begin PBXTargetDependency section */
		BF91C05B242B3C2900A2D269 /* PBXTargetDependency */ = {
			isa = PBXTargetDependency;
			target = BF91C042242B3C2400A2D269 /* NetworkLayer */;
			targetProxy = BF91C05A242B3C2900A2D269 /* PBXContainerItemProxy */;
		};
/* End PBXTargetDependency section */

/* Begin PBXVariantGroup section */
		BF91C051242B3C2900A2D269 /* LaunchScreen.storyboard */ = {
			isa = PBXVariantGroup;
			children = (
				BF91C052242B3C2900A2D269 /* Base */,
			);
			name = LaunchScreen.storyboard;
			sourceTree = "<group>";
		};
/* End PBXVariantGroup section */

/* Begin XCBuildConfiguration section */
		BF91C060242B3C2900A2D269 /* Debug */ = {
			isa = XCBuildConfiguration;
			buildSettings = {
				ALWAYS_SEARCH_USER_PATHS = NO;
				CLANG_ANALYZER_NONNULL = YES;
				CLANG_ANALYZER_NUMBER_OBJECT_CONVERSION = YES_AGGRESSIVE;
				CLANG_CXX_LANGUAGE_STANDARD = "gnu++14";
				CLANG_CXX_LIBRARY = "libc++";
				CLANG_ENABLE_MODULES = YES;
				CLANG_ENABLE_OBJC_ARC = YES;
				CLANG_ENABLE_OBJC_WEAK = YES;
				CLANG_WARN_BLOCK_CAPTURE_AUTORELEASING = YES;
				CLANG_WARN_BOOL_CONVERSION = YES;
				CLANG_WARN_COMMA = YES;
				CLANG_WARN_CONSTANT_CONVERSION = YES;
				CLANG_WARN_DEPRECATED_OBJC_IMPLEMENTATIONS = YES;
				CLANG_WARN_DIRECT_OBJC_ISA_USAGE = YES_ERROR;
				CLANG_WARN_DOCUMENTATION_COMMENTS = YES;
				CLANG_WARN_EMPTY_BODY = YES;
				CLANG_WARN_ENUM_CONVERSION = YES;
				CLANG_WARN_INFINITE_RECURSION = YES;
				CLANG_WARN_INT_CONVERSION = YES;
				CLANG_WARN_NON_LITERAL_NULL_CONVERSION = YES;
				CLANG_WARN_OBJC_IMPLICIT_RETAIN_SELF = YES;
				CLANG_WARN_OBJC_LITERAL_CONVERSION = YES;
				CLANG_WARN_OBJC_ROOT_CLASS = YES_ERROR;
				CLANG_WARN_RANGE_LOOP_ANALYSIS = YES;
				CLANG_WARN_STRICT_PROTOTYPES = YES;
				CLANG_WARN_SUSPICIOUS_MOVE = YES;
				CLANG_WARN_UNGUARDED_AVAILABILITY = YES_AGGRESSIVE;
				CLANG_WARN_UNREACHABLE_CODE = YES;
				CLANG_WARN__DUPLICATE_METHOD_MATCH = YES;
				COPY_PHASE_STRIP = NO;
				DEBUG_INFORMATION_FORMAT = dwarf;
				ENABLE_STRICT_OBJC_MSGSEND = YES;
				ENABLE_TESTABILITY = YES;
				GCC_C_LANGUAGE_STANDARD = gnu11;
				GCC_DYNAMIC_NO_PIC = NO;
				GCC_NO_COMMON_BLOCKS = YES;
				GCC_OPTIMIZATION_LEVEL = 0;
				GCC_PREPROCESSOR_DEFINITIONS = (
					"DEBUG=1",
					"$(inherited)",
				);
				GCC_WARN_64_TO_32_BIT_CONVERSION = YES;
				GCC_WARN_ABOUT_RETURN_TYPE = YES_ERROR;
				GCC_WARN_UNDECLARED_SELECTOR = YES;
				GCC_WARN_UNINITIALIZED_AUTOS = YES_AGGRESSIVE;
				GCC_WARN_UNUSED_FUNCTION = YES;
				GCC_WARN_UNUSED_VARIABLE = YES;
				IPHONEOS_DEPLOYMENT_TARGET = 13.2;
				MTL_ENABLE_DEBUG_INFO = INCLUDE_SOURCE;
				MTL_FAST_MATH = YES;
				ONLY_ACTIVE_ARCH = YES;
				SDKROOT = iphoneos;
				SWIFT_ACTIVE_COMPILATION_CONDITIONS = DEBUG;
				SWIFT_OPTIMIZATION_LEVEL = "-Onone";
			};
			name = Debug;
		};
		BF91C061242B3C2900A2D269 /* Release */ = {
			isa = XCBuildConfiguration;
			buildSettings = {
				ALWAYS_SEARCH_USER_PATHS = NO;
				CLANG_ANALYZER_NONNULL = YES;
				CLANG_ANALYZER_NUMBER_OBJECT_CONVERSION = YES_AGGRESSIVE;
				CLANG_CXX_LANGUAGE_STANDARD = "gnu++14";
				CLANG_CXX_LIBRARY = "libc++";
				CLANG_ENABLE_MODULES = YES;
				CLANG_ENABLE_OBJC_ARC = YES;
				CLANG_ENABLE_OBJC_WEAK = YES;
				CLANG_WARN_BLOCK_CAPTURE_AUTORELEASING = YES;
				CLANG_WARN_BOOL_CONVERSION = YES;
				CLANG_WARN_COMMA = YES;
				CLANG_WARN_CONSTANT_CONVERSION = YES;
				CLANG_WARN_DEPRECATED_OBJC_IMPLEMENTATIONS = YES;
				CLANG_WARN_DIRECT_OBJC_ISA_USAGE = YES_ERROR;
				CLANG_WARN_DOCUMENTATION_COMMENTS = YES;
				CLANG_WARN_EMPTY_BODY = YES;
				CLANG_WARN_ENUM_CONVERSION = YES;
				CLANG_WARN_INFINITE_RECURSION = YES;
				CLANG_WARN_INT_CONVERSION = YES;
				CLANG_WARN_NON_LITERAL_NULL_CONVERSION = YES;
				CLANG_WARN_OBJC_IMPLICIT_RETAIN_SELF = YES;
				CLANG_WARN_OBJC_LITERAL_CONVERSION = YES;
				CLANG_WARN_OBJC_ROOT_CLASS = YES_ERROR;
				CLANG_WARN_RANGE_LOOP_ANALYSIS = YES;
				CLANG_WARN_STRICT_PROTOTYPES = YES;
				CLANG_WARN_SUSPICIOUS_MOVE = YES;
				CLANG_WARN_UNGUARDED_AVAILABILITY = YES_AGGRESSIVE;
				CLANG_WARN_UNREACHABLE_CODE = YES;
				CLANG_WARN__DUPLICATE_METHOD_MATCH = YES;
				COPY_PHASE_STRIP = NO;
				DEBUG_INFORMATION_FORMAT = "dwarf-with-dsym";
				ENABLE_NS_ASSERTIONS = NO;
				ENABLE_STRICT_OBJC_MSGSEND = YES;
				GCC_C_LANGUAGE_STANDARD = gnu11;
				GCC_NO_COMMON_BLOCKS = YES;
				GCC_WARN_64_TO_32_BIT_CONVERSION = YES;
				GCC_WARN_ABOUT_RETURN_TYPE = YES_ERROR;
				GCC_WARN_UNDECLARED_SELECTOR = YES;
				GCC_WARN_UNINITIALIZED_AUTOS = YES_AGGRESSIVE;
				GCC_WARN_UNUSED_FUNCTION = YES;
				GCC_WARN_UNUSED_VARIABLE = YES;
				IPHONEOS_DEPLOYMENT_TARGET = 13.2;
				MTL_ENABLE_DEBUG_INFO = NO;
				MTL_FAST_MATH = YES;
				SDKROOT = iphoneos;
				SWIFT_COMPILATION_MODE = wholemodule;
				SWIFT_OPTIMIZATION_LEVEL = "-O";
				VALIDATE_PRODUCT = YES;
			};
			name = Release;
		};
		BF91C063242B3C2900A2D269 /* Debug */ = {
			isa = XCBuildConfiguration;
			buildSettings = {
				ASSETCATALOG_COMPILER_APPICON_NAME = AppIcon;
				CODE_SIGN_STYLE = Automatic;
				DEVELOPMENT_ASSET_PATHS = "\"NetworkLayer/Preview Content\"";
				DEVELOPMENT_TEAM = 6G977HV28A;
				ENABLE_PREVIEWS = YES;
				INFOPLIST_FILE = NetworkLayer/Info.plist;
				LD_RUNPATH_SEARCH_PATHS = (
					"$(inherited)",
					"@executable_path/Frameworks",
				);
				PRODUCT_BUNDLE_IDENTIFIER = com.akshit.NetworkLayer;
				PRODUCT_NAME = "$(TARGET_NAME)";
				SWIFT_VERSION = 5.0;
				TARGETED_DEVICE_FAMILY = "1,2";
			};
			name = Debug;
		};
		BF91C064242B3C2900A2D269 /* Release */ = {
			isa = XCBuildConfiguration;
			buildSettings = {
				ASSETCATALOG_COMPILER_APPICON_NAME = AppIcon;
				CODE_SIGN_STYLE = Automatic;
				DEVELOPMENT_ASSET_PATHS = "\"NetworkLayer/Preview Content\"";
				DEVELOPMENT_TEAM = 6G977HV28A;
				ENABLE_PREVIEWS = YES;
				INFOPLIST_FILE = NetworkLayer/Info.plist;
				LD_RUNPATH_SEARCH_PATHS = (
					"$(inherited)",
					"@executable_path/Frameworks",
				);
				PRODUCT_BUNDLE_IDENTIFIER = com.akshit.NetworkLayer;
				PRODUCT_NAME = "$(TARGET_NAME)";
				SWIFT_VERSION = 5.0;
				TARGETED_DEVICE_FAMILY = "1,2";
			};
			name = Release;
		};
		BF91C066242B3C2900A2D269 /* Debug */ = {
			isa = XCBuildConfiguration;
			buildSettings = {
				ALWAYS_EMBED_SWIFT_STANDARD_LIBRARIES = YES;
				BUNDLE_LOADER = "$(TEST_HOST)";
				CODE_SIGN_STYLE = Automatic;
				DEVELOPMENT_TEAM = 6G977HV28A;
				INFOPLIST_FILE = NetworkLayerTests/Info.plist;
				IPHONEOS_DEPLOYMENT_TARGET = 13.2;
				LD_RUNPATH_SEARCH_PATHS = (
					"$(inherited)",
					"@executable_path/Frameworks",
					"@loader_path/Frameworks",
				);
				PRODUCT_BUNDLE_IDENTIFIER = com.akshit.NetworkLayerTests;
				PRODUCT_NAME = "$(TARGET_NAME)";
				SWIFT_VERSION = 5.0;
				TARGETED_DEVICE_FAMILY = "1,2";
				TEST_HOST = "$(BUILT_PRODUCTS_DIR)/NetworkLayer.app/NetworkLayer";
			};
			name = Debug;
		};
		BF91C067242B3C2900A2D269 /* Release */ = {
			isa = XCBuildConfiguration;
			buildSettings = {
				ALWAYS_EMBED_SWIFT_STANDARD_LIBRARIES = YES;
				BUNDLE_LOADER = "$(TEST_HOST)";
				CODE_SIGN_STYLE = Automatic;
				DEVELOPMENT_TEAM = 6G977HV28A;
				INFOPLIST_FILE = NetworkLayerTests/Info.plist;
				IPHONEOS_DEPLOYMENT_TARGET = 13.2;
				LD_RUNPATH_SEARCH_PATHS = (
					"$(inherited)",
					"@executable_path/Frameworks",
					"@loader_path/Frameworks",
				);
				PRODUCT_BUNDLE_IDENTIFIER = com.akshit.NetworkLayerTests;
				PRODUCT_NAME = "$(TARGET_NAME)";
				SWIFT_VERSION = 5.0;
				TARGETED_DEVICE_FAMILY = "1,2";
				TEST_HOST = "$(BUILT_PRODUCTS_DIR)/NetworkLayer.app/NetworkLayer";
			};
			name = Release;
		};
/* End XCBuildConfiguration section */

/* Begin XCConfigurationList section */
		BF91C03E242B3C2400A2D269 /* Build configuration list for PBXProject "NetworkLayer" */ = {
			isa = XCConfigurationList;
			buildConfigurations = (
				BF91C060242B3C2900A2D269 /* Debug */,
				BF91C061242B3C2900A2D269 /* Release */,
			);
			defaultConfigurationIsVisible = 0;
			defaultConfigurationName = Release;
		};
		BF91C062242B3C2900A2D269 /* Build configuration list for PBXNativeTarget "NetworkLayer" */ = {
			isa = XCConfigurationList;
			buildConfigurations = (
				BF91C063242B3C2900A2D269 /* Debug */,
				BF91C064242B3C2900A2D269 /* Release */,
			);
			defaultConfigurationIsVisible = 0;
			defaultConfigurationName = Release;
		};
		BF91C065242B3C2900A2D269 /* Build configuration list for PBXNativeTarget "NetworkLayerTests" */ = {
			isa = XCConfigurationList;
			buildConfigurations = (
				BF91C066242B3C2900A2D269 /* Debug */,
				BF91C067242B3C2900A2D269 /* Release */,
			);
			defaultConfigurationIsVisible = 0;
			defaultConfigurationName = Release;
		};
/* End XCConfigurationList section */
	};
	rootObject = BF91C03B242B3C2400A2D269 /* Project object */;
}
